
Microsoft Visual Studio Solution File, Format Version 12.00
# Visual Studio Version 17
VisualStudioVersion = 17.11.35431.28
MinimumVisualStudioVersion = 10.0.40219.1
Project("{FAE04EC0-301F-11D3-BF4B-00C04F79EFBC}") = "WebAzureDevop", "WebAzureDevop.csproj", "{1FA4FD47-4D0B-425B-9101-38253847A3F2}"
EndProject
Global
	GlobalSection(SolutionConfigurationPlatforms) = preSolution
		Debug|Any CPU = Debug|Any CPU
		Release|Any CPU = Release|Any CPU
	EndGlobalSection
	GlobalSection(ProjectConfigurationPlatforms) = postSolution
		{1FA4FD47-4D0B-425B-9101-38253847A3F2}.Debug|Any CPU.ActiveCfg = Debug|Any CPU
		{1FA4FD47-4D0B-425B-9101-38253847A3F2}.Debug|Any CPU.Build.0 = Debug|Any CPU
		{1FA4FD47-4D0B-425B-9101-38253847A3F2}.Release|Any CPU.ActiveCfg = Release|Any CPU
		{1FA4FD47-4D0B-425B-9101-38253847A3F2}.Release|Any CPU.Build.0 = Release|Any CPU
	EndGlobalSection
	GlobalSection(SolutionProperties) = preSolution
		HideSolutionNode = FALSE
	EndGlobalSection
	GlobalSection(ExtensibilityGlobals) = postSolution
		SolutionGuid = {A1A26079-C350-4692-A0B9-8B7646274782}
	EndGlobalSection
EndGlobal
